
Microsoft Visual Studio Solution File, Format Version 12.00
# Visual Studio Version 17
VisualStudioVersion = 17.5.002.0
MinimumVisualStudioVersion = 10.0.40219.1
Project("{9A19103F-16F7-4668-BE54-9A1E7A4F7556}") = "Device", "Device\Device.csproj", "{E443B20C-D7CD-4E8A-87DD-9FDFAB9B4ADE}"
EndProject
Project("{9A19103F-16F7-4668-BE54-9A1E7A4F7556}") = "Server", "Server\Server.csproj", "{31A351D5-F867-49A5-A75E-95A4BBBB4496}"
EndProject
Global
	GlobalSection(SolutionConfigurationPlatforms) = preSolution
		Debug|Any CPU = Debug|Any CPU
		Release|Any CPU = Release|Any CPU
	EndGlobalSection
	GlobalSection(ProjectConfigurationPlatforms) = postSolution
		{E443B20C-D7CD-4E8A-87DD-9FDFAB9B4ADE}.Debug|Any CPU.ActiveCfg = Debug|Any CPU
		{E443B20C-D7CD-4E8A-87DD-9FDFAB9B4ADE}.Debug|Any CPU.Build.0 = Debug|Any CPU
		{E443B20C-D7CD-4E8A-87DD-9FDFAB9B4ADE}.Release|Any CPU.ActiveCfg = Release|Any CPU
		{E443B20C-D7CD-4E8A-87DD-9FDFAB9B4ADE}.Release|Any CPU.Build.0 = Release|Any CPU
		{31A351D5-F867-49A5-A75E-95A4BBBB4496}.Debug|Any CPU.ActiveCfg = Debug|Any CPU
		{31A351D5-F867-49A5-A75E-95A4BBBB4496}.Debug|Any CPU.Build.0 = Debug|Any CPU
		{31A351D5-F867-49A5-A75E-95A4BBBB4496}.Release|Any CPU.ActiveCfg = Release|Any CPU
		{31A351D5-F867-49A5-A75E-95A4BBBB4496}.Release|Any CPU.Build.0 = Release|Any CPU
	EndGlobalSection
	GlobalSection(SolutionProperties) = preSolution
		HideSolutionNode = FALSE
	EndGlobalSection
	GlobalSection(ExtensibilityGlobals) = postSolution
		SolutionGuid = {CFB20445-42EF-4EEB-BA2B-13E3B7511927}
	EndGlobalSection
EndGlobal
